
Microsoft Visual Studio Solution File, Format Version 12.00
# Visual Studio Version 17
VisualStudioVersion = 17.7.34221.43
MinimumVisualStudioVersion = 10.0.40219.1
Project("{9A19103F-16F7-4668-BE54-9A1E7A4F7556}") = "Publisher", "POC\Publisher.csproj", "{6F3392B3-31F5-4678-831D-C2F01BF9E1AC}"
EndProject
Project("{9A19103F-16F7-4668-BE54-9A1E7A4F7556}") = "ConsumerA", "ConsumerA\ConsumerA.csproj", "{47885328-7E68-41EF-B0CA-BED6E21923DF}"
EndProject
Project("{FAE04EC0-301F-11D3-BF4B-00C04F79EFBC}") = "Types", "MyMessage\Types.csproj", "{D0C7FC7B-8DB3-4829-8353-6C6F738404A0}"
EndProject
Project("{FAE04EC0-301F-11D3-BF4B-00C04F79EFBC}") = "ThirdPartyService", "ThirdPartyService\ThirdPartyService.csproj", "{E71114A1-1DA9-4ACE-A2B7-EB326B19140A}"
EndProject
Global
	GlobalSection(SolutionConfigurationPlatforms) = preSolution
		Debug|Any CPU = Debug|Any CPU
		Release|Any CPU = Release|Any CPU
	EndGlobalSection
	GlobalSection(ProjectConfigurationPlatforms) = postSolution
		{6F3392B3-31F5-4678-831D-C2F01BF9E1AC}.Debug|Any CPU.ActiveCfg = Debug|Any CPU
		{6F3392B3-31F5-4678-831D-C2F01BF9E1AC}.Debug|Any CPU.Build.0 = Debug|Any CPU
		{6F3392B3-31F5-4678-831D-C2F01BF9E1AC}.Release|Any CPU.ActiveCfg = Release|Any CPU
		{6F3392B3-31F5-4678-831D-C2F01BF9E1AC}.Release|Any CPU.Build.0 = Release|Any CPU
		{47885328-7E68-41EF-B0CA-BED6E21923DF}.Debug|Any CPU.ActiveCfg = Debug|Any CPU
		{47885328-7E68-41EF-B0CA-BED6E21923DF}.Debug|Any CPU.Build.0 = Debug|Any CPU
		{47885328-7E68-41EF-B0CA-BED6E21923DF}.Release|Any CPU.ActiveCfg = Release|Any CPU
		{47885328-7E68-41EF-B0CA-BED6E21923DF}.Release|Any CPU.Build.0 = Release|Any CPU
		{D0C7FC7B-8DB3-4829-8353-6C6F738404A0}.Debug|Any CPU.ActiveCfg = Debug|Any CPU
		{D0C7FC7B-8DB3-4829-8353-6C6F738404A0}.Debug|Any CPU.Build.0 = Debug|Any CPU
		{D0C7FC7B-8DB3-4829-8353-6C6F738404A0}.Release|Any CPU.ActiveCfg = Release|Any CPU
		{D0C7FC7B-8DB3-4829-8353-6C6F738404A0}.Release|Any CPU.Build.0 = Release|Any CPU
		{E71114A1-1DA9-4ACE-A2B7-EB326B19140A}.Debug|Any CPU.ActiveCfg = Debug|Any CPU
		{E71114A1-1DA9-4ACE-A2B7-EB326B19140A}.Debug|Any CPU.Build.0 = Debug|Any CPU
		{E71114A1-1DA9-4ACE-A2B7-EB326B19140A}.Release|Any CPU.ActiveCfg = Release|Any CPU
		{E71114A1-1DA9-4ACE-A2B7-EB326B19140A}.Release|Any CPU.Build.0 = Release|Any CPU
	EndGlobalSection
	GlobalSection(SolutionProperties) = preSolution
		HideSolutionNode = FALSE
	EndGlobalSection
	GlobalSection(ExtensibilityGlobals) = postSolution
		SolutionGuid = {FAD1CC93-107D-41D5-A8D3-C6EC7E081EB6}
	EndGlobalSection
EndGlobal
